
Microsoft Visual Studio Solution File, Format Version 11.00
# Visual Studio 2010
Project("{FAE04EC0-301F-11D3-BF4B-00C04F79EFBC}") = "SoSlow", "SoSlow.csproj", "{C2FC3DA5-5C8E-4DEA-BF69-CAEB36350574}"
EndProject
Global
	GlobalSection(SolutionConfigurationPlatforms) = preSolution
		Debug|Any CPU = Debug|Any CPU
		Release|Any CPU = Release|Any CPU
	EndGlobalSection
	GlobalSection(ProjectConfigurationPlatforms) = postSolution
		{C2FC3DA5-5C8E-4DEA-BF69-CAEB36350574}.Debug|Any CPU.ActiveCfg = Debug|Any CPU
		{C2FC3DA5-5C8E-4DEA-BF69-CAEB36350574}.Debug|Any CPU.Build.0 = Debug|Any CPU
		{C2FC3DA5-5C8E-4DEA-BF69-CAEB36350574}.Release|Any CPU.ActiveCfg = Release|Any CPU
		{C2FC3DA5-5C8E-4DEA-BF69-CAEB36350574}.Release|Any CPU.Build.0 = Release|Any CPU
	EndGlobalSection
	GlobalSection(SolutionProperties) = preSolution
		HideSolutionNode = FALSE
	EndGlobalSection
EndGlobal
